
Microsoft Visual Studio Solution File, Format Version 12.00
# Visual Studio Version 16
VisualStudioVersion = 16.0.33927.289
MinimumVisualStudioVersion = 10.0.40219.1
Project("{2150E333-8FDC-42A3-9474-1A3956D46DE8}") = "Task0", "Task0", "{A6C16D90-2A9E-4EE4-BB89-585206E96DD3}"
EndProject
Project("{8BC9CEB8-8B4A-11D0-8D11-00A0C91BC942}") = "Tyuiu.TolmachevVV.Sprint0.V0", "Tyuiu.TolmachevVV.Sprint0.V0\Tyuiu.TolmachevVV.Sprint0.V0.vcxproj", "{DD45F6E3-EC36-49AA-9B0F-B1659133FC62}"
EndProject
Project("{2150E333-8FDC-42A3-9474-1A3956D46DE8}") = "Task1", "Task1", "{7A0D8E95-154E-4B14-A085-C594A900EC2E}"
EndProject
Project("{8BC9CEB8-8B4A-11D0-8D11-00A0C91BC942}") = "Tyuiu.TolmachevVV.Sprint0.Task1", "Tyuiu.TolmachevVV.Sprint0.Task1\Tyuiu.TolmachevVV.Sprint0.Task1.vcxproj", "{690CF316-0A01-4EB4-B047-0AE84CFF64DB}"
EndProject
Project("{2150E333-8FDC-42A3-9474-1A3956D46DE8}") = "Task2", "Task2", "{99E34456-C65A-4DC5-8CB0-C9CCBC7BAA2D}"
EndProject
Project("{8BC9CEB8-8B4A-11D0-8D11-00A0C91BC942}") = "Tyuiu.TolmachevVV.Sprint0.Task2", "Tyuiu.TolmachevVV.Sprint0.Task2\Tyuiu.TolmachevVV.Sprint0.Task2.vcxproj", "{07015FB1-63A9-47EA-B771-B60AE4BD1D7C}"
EndProject
Project("{8BC9CEB8-8B4A-11D0-8D11-00A0C91BC942}") = "Tyuiu.TolmachevVV.Sprint0.Task2.Lib", "Tyuiu.TolmachevVV.Sprint0.Task2.Lib\Tyuiu.TolmachevVV.Sprint0.Task2.Lib.vcxproj", "{A96E9177-1C8B-4486-8B0F-403ACAA80C8D}"
EndProject
Project("{8BC9CEB8-8B4A-11D0-8D11-00A0C91BC942}") = "Tyuiu.TolmachevVV.Sprint0.Task2.V0.Test", "Tyuiu.TolmachevVV.Sprint0.Task2.Test\Tyuiu.TolmachevVV.Sprint0.Task2.Test.vcxproj", "{254CADB3-0BB1-4D53-9290-49D0C46B9927}"
EndProject
Project("{2150E333-8FDC-42A3-9474-1A3956D46DE8}") = "Task3", "Task3", "{CE9F37FE-C7B6-48B3-8323-4A3E8B2E5342}"
EndProject
Project("{8BC9CEB8-8B4A-11D0-8D11-00A0C91BC942}") = "Tyuiu.TolmachevVV.Sprint0.Task3", "Tyuiu.TolmachevVV.Sprint0.Task3\Tyuiu.TolmachevVV.Sprint0.Task3.vcxproj", "{FA971D9E-A4C8-4E11-A2CC-B8549310F9AC}"
EndProject
Project("{8BC9CEB8-8B4A-11D0-8D11-00A0C91BC942}") = "Tyuiu.TolmachevVV.Sprint0.Task3.Lib", "Tyuiu.TolmachevVV.Sprint0.Task3.Lib\Tyuiu.TolmachevVV.Sprint0.Task3.Lib.vcxproj", "{189421C5-1356-46AA-8BC8-C56020039C5E}"
EndProject
Project("{8BC9CEB8-8B4A-11D0-8D11-00A0C91BC942}") = "Tyuiu.TolmachevVV.Sprint0.Task3.Test", "Tyuiu.TolmachevVV.Sprint0.Task3.Test\Tyuiu.TolmachevVV.Sprint0.Task3.Test.vcxproj", "{E95BD034-5419-4A9F-9017-2070B4F24A08}"
EndProject
Project("{8BC9CEB8-8B4A-11D0-8D11-00A0C91BC942}") = "Tyuiu.Cours.cpp", "..\Tyuiu.Cours.cpp\Tyuiu.Cours.cpp.vcxproj", "{71667551-DC89-4E91-B409-EC47AE10CC12}"
EndProject
Project("{2150E333-8FDC-42A3-9474-1A3956D46DE8}") = "Task5", "Task5", "{812C5E55-569E-4EB6-8BE1-E4FA6ED594BD}"
EndProject
Project("{8BC9CEB8-8B4A-11D0-8D11-00A0C91BC942}") = "Tyuiu.TolmachevVV.Sprint0.Task5.V1-5", "Tyuiu.TolmachevVV.Sprint0.Task5.V1-5\Tyuiu.TolmachevVV.Sprint0.Task5.V1-5.vcxproj", "{EBE17D18-8676-4F53-9892-37E9B67A5C3D}"
EndProject
Project("{8BC9CEB8-8B4A-11D0-8D11-00A0C91BC942}") = "Tyuiu.TolmachevVV.Sprint0.Task5.V1-5.Lib", "Tyuiu.TolmachevVV.Sprint0.Task5.V1-5.Lib\Tyuiu.TolmachevVV.Sprint0.Task5.V1-5.Lib.vcxproj", "{236F7992-2F98-48D1-BC0A-F67F71579CBA}"
EndProject
Project("{8BC9CEB8-8B4A-11D0-8D11-00A0C91BC942}") = "Tyuiu.TolmachevVV.Sprint0.Task5.V1.Test", "Tyuiu.TolmachevVV.Sprint0.Task5.V1.Test\Tyuiu.TolmachevVV.Sprint0.Task5.V1.Test.vcxproj", "{843900B3-FA44-4916-BBB1-F9A32909DE8B}"
EndProject
Project("{8BC9CEB8-8B4A-11D0-8D11-00A0C91BC942}") = "Tyuiu.TolmachevVV.Sprint0.Task5.V2.Test", "Tyuiu.TolmachevVV.Sprint0.Task5.V2.Test\Tyuiu.TolmachevVV.Sprint0.Task5.V2.Test.vcxproj", "{317D9D96-C988-41FB-B0ED-583EABAA0203}"
EndProject
Project("{8BC9CEB8-8B4A-11D0-8D11-00A0C91BC942}") = "Tyuiu.TolmachevVV.Sprint0.Task5.V3.Test", "Tyuiu.TolmachevVV.Sprint0.Task5.V3.Test\Tyuiu.TolmachevVV.Sprint0.Task5.V3.Test.vcxproj", "{FE6AA0BB-6F28-4A3E-8E4B-B653B6DD9DF5}"
EndProject
Project("{8BC9CEB8-8B4A-11D0-8D11-00A0C91BC942}") = "Tyuiu.TolmachevVV.Sprint0.Task5.V4.Test", "Tyuiu.TolmachevVV.Sprint0.Task5.V4.Test\Tyuiu.TolmachevVV.Sprint0.Task5.V4.Test.vcxproj", "{530E0754-6FC1-4F38-96AB-EFB43B4D3ACA}"
EndProject
Project("{8BC9CEB8-8B4A-11D0-8D11-00A0C91BC942}") = "Tyuiu.TolmachevVV.Sprint0.Task5.V5.Test", "Tyuiu.TolmachevVV.Sprint0.Task5.V5.Test\Tyuiu.TolmachevVV.Sprint0.Task5.V5.Test.vcxproj", "{AAA9D1DB-6C64-4B25-AA11-85F95BEF16FD}"
EndProject
Project("{8BC9CEB8-8B4A-11D0-8D11-00A0C91BC942}") = "Tyuiu.TolmachevVV.Sprint0.Task2.V1.Test", "Tyuiu.TolmachevVV.Sprint0.Task2.V1.Test\Tyuiu.TolmachevVV.Sprint0.Task2.V1.Test.vcxproj", "{AD60DAB5-D749-46C4-8FF8-7971F4291BD6}"
EndProject
Project("{8BC9CEB8-8B4A-11D0-8D11-00A0C91BC942}") = "Tyuiu.TolmachevVV.Sprint0.Task2.V2.Test", "Tyuiu.TolmachevVV.Sprint0.Task2.V2.Test\Tyuiu.TolmachevVV.Sprint0.Task2.V2.Test.vcxproj", "{E20CBBF9-EC6B-424C-A90E-167623AEB6A6}"
EndProject
Project("{2150E333-8FDC-42A3-9474-1A3956D46DE8}") = "Task6", "Task6", "{74D52C20-8CA6-4920-A7BD-B3F30377F38A}"
EndProject
Project("{8BC9CEB8-8B4A-11D0-8D11-00A0C91BC942}") = "Tyuiu.TolmachevVV.Sprint0.Task6.V1-5", "Tyuiu.TolmachevVV.Sprint0.Task6.V1-6\Tyuiu.TolmachevVV.Sprint0.Task6.V1-6.vcxproj", "{BF18D01F-AD3E-4703-8A36-4B0BF988E831}"
EndProject
Project("{8BC9CEB8-8B4A-11D0-8D11-00A0C91BC942}") = "Tyuiu.TolmachevVV.Sprint0.Task6.V1-5.Lib", "Tyuiu.TolmachevVV.Sprint0.Task6.V1-6.Lib\Tyuiu.TolmachevVV.Sprint0.Task6.V1-6.Lib.vcxproj", "{9186CEB2-A77A-4D80-9093-06BD7EBDC3F9}"
EndProject
Project("{8BC9CEB8-8B4A-11D0-8D11-00A0C91BC942}") = "Tyuiu.TolmachevVV.Sprint0.Task6.V1.Test", "Tyuiu.TolmachevVV.Sprint0.Task6.V1.Test\Tyuiu.TolmachevVV.Sprint0.Task6.V1.Test.vcxproj", "{B280A49B-AB5A-4FA6-8CEC-55D17CED8043}"
EndProject
Project("{8BC9CEB8-8B4A-11D0-8D11-00A0C91BC942}") = "Tyuiu.TolmachevVV.Sprint0.Task6.V2.Test", "Tyuiu.TolmachevVV.Sprint0.Task6.V2.Test\Tyuiu.TolmachevVV.Sprint0.Task6.V2.Test.vcxproj", "{1A8F0922-F58B-4C0A-8C98-47930490F232}"
EndProject
Project("{8BC9CEB8-8B4A-11D0-8D11-00A0C91BC942}") = "Tyuiu.TolmachevVV.Sprint0.Task6.V3.Test", "Tyuiu.TolmachevVV.Sprint0.Task6.V3.Test\Tyuiu.TolmachevVV.Sprint0.Task6.V3.Test.vcxproj", "{C92EB0DF-DADE-4044-969F-0043E072CF53}"
EndProject
Project("{8BC9CEB8-8B4A-11D0-8D11-00A0C91BC942}") = "Tyuiu.TolmachevVV.Sprint0.Task6.V4.Test", "Tyuiu.TolmachevVV.Sprint0.Task6.V4.Test\Tyuiu.TolmachevVV.Sprint0.Task6.V4.Test.vcxproj", "{F4C19AD5-E4B2-4357-B2AC-5F72F73DE73E}"
EndProject
Project("{8BC9CEB8-8B4A-11D0-8D11-00A0C91BC942}") = "Tyuiu.TolmachevVV.Sprint0.Task6.V5.Test", "Tyuiu.TolmachevVV.Sprint0.Task6.V5.Test\Tyuiu.TolmachevVV.Sprint0.Task6.V5.Test.vcxproj", "{76B3C8E7-53C7-453E-912E-DAC9C65EFC38}"
EndProject
Project("{2150E333-8FDC-42A3-9474-1A3956D46DE8}") = "Task7", "Task7", "{BE855914-1146-48E3-B052-26D8E4717252}"
EndProject
Project("{8BC9CEB8-8B4A-11D0-8D11-00A0C91BC942}") = "Tyuiu.TolmachevVV.Sprint0.Task7.V1-5", "Tyuiu.TolmachevVV.Sprint0.Task7.V1-5\Tyuiu.TolmachevVV.Sprint0.Task7.V1-5.vcxproj", "{EB31BB3D-AA6A-4CC1-993F-231747C38663}"
EndProject
Project("{8BC9CEB8-8B4A-11D0-8D11-00A0C91BC942}") = "Tyuiu.TolmachevVV.Sprint0.Task7.V1-5.Lib", "Tyuiu.TolmachevVV.Sprint0.Task7.V1-5.Lib\Tyuiu.TolmachevVV.Sprint0.Task7.V1-5.Lib.vcxproj", "{8093422E-01E0-46BE-B0CD-570839E52A02}"
EndProject
Project("{8BC9CEB8-8B4A-11D0-8D11-00A0C91BC942}") = "Tyuiu.TolmachevVV.Sprint0.Task7.V1.Test", "Tyuiu.TolmachevVV.Sprint0.Task7.V1.Test\Tyuiu.TolmachevVV.Sprint0.Task7.V1.Test.vcxproj", "{E0294001-133D-4C41-A09B-CC610860455E}"
EndProject
Project("{8BC9CEB8-8B4A-11D0-8D11-00A0C91BC942}") = "Tyuiu.TolmachevVV.Sprint0.Task7.V2.Test", "Tyuiu.TolmachevVV.Sprint0.Task7.V2.Test\Tyuiu.TolmachevVV.Sprint0.Task7.V2.Test.vcxproj", "{D10D3A35-5537-415A-854B-14497C1AB0E8}"
EndProject
Project("{8BC9CEB8-8B4A-11D0-8D11-00A0C91BC942}") = "Tyuiu.TolmachevVV.Sprint0.Task7.V3.Test", "Tyuiu.TolmachevVV.Sprint0.Task7.V3.Test\Tyuiu.TolmachevVV.Sprint0.Task7.V3.Test.vcxproj", "{10AB163D-42C1-49F1-876E-277A46D2006D}"
EndProject
Project("{8BC9CEB8-8B4A-11D0-8D11-00A0C91BC942}") = "Tyuiu.TolmachevVV.Sprint0.Task7.V4.Test", "Tyuiu.TolmachevVV.Sprint0.Task7.V4.Test\Tyuiu.TolmachevVV.Sprint0.Task7.V4.Test.vcxproj", "{F47D3A4F-4B15-4099-8CBE-3CEC5BE90788}"
EndProject
Project("{8BC9CEB8-8B4A-11D0-8D11-00A0C91BC942}") = "Tyuiu.TolmachevVV.Sprint0.Task7.V5.Test", "Tyuiu.TolmachevVV.Sprint0.Task7.V5.Test\Tyuiu.TolmachevVV.Sprint0.Task7.V5.Test.vcxproj", "{698850BA-5742-4A95-989C-5E8A2BF435BE}"
EndProject
Global
	GlobalSection(SolutionConfigurationPlatforms) = preSolution
		Debug|x64 = Debug|x64
		Debug|x86 = Debug|x86
		Release|x64 = Release|x64
		Release|x86 = Release|x86
	EndGlobalSection
	GlobalSection(ProjectConfigurationPlatforms) = postSolution
		{DD45F6E3-EC36-49AA-9B0F-B1659133FC62}.Debug|x64.ActiveCfg = Debug|x64
		{DD45F6E3-EC36-49AA-9B0F-B1659133FC62}.Debug|x64.Build.0 = Debug|x64
		{DD45F6E3-EC36-49AA-9B0F-B1659133FC62}.Debug|x86.ActiveCfg = Debug|Win32
		{DD45F6E3-EC36-49AA-9B0F-B1659133FC62}.Debug|x86.Build.0 = Debug|Win32
		{DD45F6E3-EC36-49AA-9B0F-B1659133FC62}.Release|x64.ActiveCfg = Release|x64
		{DD45F6E3-EC36-49AA-9B0F-B1659133FC62}.Release|x64.Build.0 = Release|x64
		{DD45F6E3-EC36-49AA-9B0F-B1659133FC62}.Release|x86.ActiveCfg = Release|Win32
		{DD45F6E3-EC36-49AA-9B0F-B1659133FC62}.Release|x86.Build.0 = Release|Win32
		{690CF316-0A01-4EB4-B047-0AE84CFF64DB}.Debug|x64.ActiveCfg = Debug|x64
		{690CF316-0A01-4EB4-B047-0AE84CFF64DB}.Debug|x64.Build.0 = Debug|x64
		{690CF316-0A01-4EB4-B047-0AE84CFF64DB}.Debug|x86.ActiveCfg = Debug|Win32
		{690CF316-0A01-4EB4-B047-0AE84CFF64DB}.Debug|x86.Build.0 = Debug|Win32
		{690CF316-0A01-4EB4-B047-0AE84CFF64DB}.Release|x64.ActiveCfg = Release|x64
		{690CF316-0A01-4EB4-B047-0AE84CFF64DB}.Release|x64.Build.0 = Release|x64
		{690CF316-0A01-4EB4-B047-0AE84CFF64DB}.Release|x86.ActiveCfg = Release|Win32
		{690CF316-0A01-4EB4-B047-0AE84CFF64DB}.Release|x86.Build.0 = Release|Win32
		{07015FB1-63A9-47EA-B771-B60AE4BD1D7C}.Debug|x64.ActiveCfg = Debug|x64
		{07015FB1-63A9-47EA-B771-B60AE4BD1D7C}.Debug|x64.Build.0 = Debug|x64
		{07015FB1-63A9-47EA-B771-B60AE4BD1D7C}.Debug|x86.ActiveCfg = Debug|Win32
		{07015FB1-63A9-47EA-B771-B60AE4BD1D7C}.Debug|x86.Build.0 = Debug|Win32
		{07015FB1-63A9-47EA-B771-B60AE4BD1D7C}.Release|x64.ActiveCfg = Release|x64
		{07015FB1-63A9-47EA-B771-B60AE4BD1D7C}.Release|x64.Build.0 = Release|x64
		{07015FB1-63A9-47EA-B771-B60AE4BD1D7C}.Release|x86.ActiveCfg = Release|Win32
		{07015FB1-63A9-47EA-B771-B60AE4BD1D7C}.Release|x86.Build.0 = Release|Win32
		{A96E9177-1C8B-4486-8B0F-403ACAA80C8D}.Debug|x64.ActiveCfg = Debug|x64
		{A96E9177-1C8B-4486-8B0F-403ACAA80C8D}.Debug|x64.Build.0 = Debug|x64
		{A96E9177-1C8B-4486-8B0F-403ACAA80C8D}.Debug|x86.ActiveCfg = Debug|Win32
		{A96E9177-1C8B-4486-8B0F-403ACAA80C8D}.Debug|x86.Build.0 = Debug|Win32
		{A96E9177-1C8B-4486-8B0F-403ACAA80C8D}.Release|x64.ActiveCfg = Release|x64
		{A96E9177-1C8B-4486-8B0F-403ACAA80C8D}.Release|x64.Build.0 = Release|x64
		{A96E9177-1C8B-4486-8B0F-403ACAA80C8D}.Release|x86.ActiveCfg = Release|Win32
		{A96E9177-1C8B-4486-8B0F-403ACAA80C8D}.Release|x86.Build.0 = Release|Win32
		{254CADB3-0BB1-4D53-9290-49D0C46B9927}.Debug|x64.ActiveCfg = Debug|x64
		{254CADB3-0BB1-4D53-9290-49D0C46B9927}.Debug|x64.Build.0 = Debug|x64
		{254CADB3-0BB1-4D53-9290-49D0C46B9927}.Debug|x86.ActiveCfg = Debug|Win32
		{254CADB3-0BB1-4D53-9290-49D0C46B9927}.Debug|x86.Build.0 = Debug|Win32
		{254CADB3-0BB1-4D53-9290-49D0C46B9927}.Release|x64.ActiveCfg = Release|x64
		{254CADB3-0BB1-4D53-9290-49D0C46B9927}.Release|x64.Build.0 = Release|x64
		{254CADB3-0BB1-4D53-9290-49D0C46B9927}.Release|x86.ActiveCfg = Release|Win32
		{254CADB3-0BB1-4D53-9290-49D0C46B9927}.Release|x86.Build.0 = Release|Win32
		{FA971D9E-A4C8-4E11-A2CC-B8549310F9AC}.Debug|x64.ActiveCfg = Debug|x64
		{FA971D9E-A4C8-4E11-A2CC-B8549310F9AC}.Debug|x64.Build.0 = Debug|x64
		{FA971D9E-A4C8-4E11-A2CC-B8549310F9AC}.Debug|x86.ActiveCfg = Debug|Win32
		{FA971D9E-A4C8-4E11-A2CC-B8549310F9AC}.Debug|x86.Build.0 = Debug|Win32
		{FA971D9E-A4C8-4E11-A2CC-B8549310F9AC}.Release|x64.ActiveCfg = Release|x64
		{FA971D9E-A4C8-4E11-A2CC-B8549310F9AC}.Release|x64.Build.0 = Release|x64
		{FA971D9E-A4C8-4E11-A2CC-B8549310F9AC}.Release|x86.ActiveCfg = Release|Win32
		{FA971D9E-A4C8-4E11-A2CC-B8549310F9AC}.Release|x86.Build.0 = Release|Win32
		{189421C5-1356-46AA-8BC8-C56020039C5E}.Debug|x64.ActiveCfg = Debug|x64
		{189421C5-1356-46AA-8BC8-C56020039C5E}.Debug|x64.Build.0 = Debug|x64
		{189421C5-1356-46AA-8BC8-C56020039C5E}.Debug|x86.ActiveCfg = Debug|Win32
		{189421C5-1356-46AA-8BC8-C56020039C5E}.Debug|x86.Build.0 = Debug|Win32
		{189421C5-1356-46AA-8BC8-C56020039C5E}.Release|x64.ActiveCfg = Release|x64
		{189421C5-1356-46AA-8BC8-C56020039C5E}.Release|x64.Build.0 = Release|x64
		{189421C5-1356-46AA-8BC8-C56020039C5E}.Release|x86.ActiveCfg = Release|Win32
		{189421C5-1356-46AA-8BC8-C56020039C5E}.Release|x86.Build.0 = Release|Win32
		{E95BD034-5419-4A9F-9017-2070B4F24A08}.Debug|x64.ActiveCfg = Debug|x64
		{E95BD034-5419-4A9F-9017-2070B4F24A08}.Debug|x64.Build.0 = Debug|x64
		{E95BD034-5419-4A9F-9017-2070B4F24A08}.Debug|x86.ActiveCfg = Debug|Win32
		{E95BD034-5419-4A9F-9017-2070B4F24A08}.Debug|x86.Build.0 = Debug|Win32
		{E95BD034-5419-4A9F-9017-2070B4F24A08}.Release|x64.ActiveCfg = Release|x64
		{E95BD034-5419-4A9F-9017-2070B4F24A08}.Release|x64.Build.0 = Release|x64
		{E95BD034-5419-4A9F-9017-2070B4F24A08}.Release|x86.ActiveCfg = Release|Win32
		{E95BD034-5419-4A9F-9017-2070B4F24A08}.Release|x86.Build.0 = Release|Win32
		{71667551-DC89-4E91-B409-EC47AE10CC12}.Debug|x64.ActiveCfg = Debug|x64
		{71667551-DC89-4E91-B409-EC47AE10CC12}.Debug|x64.Build.0 = Debug|x64
		{71667551-DC89-4E91-B409-EC47AE10CC12}.Debug|x86.ActiveCfg = Debug|Win32
		{71667551-DC89-4E91-B409-EC47AE10CC12}.Debug|x86.Build.0 = Debug|Win32
		{71667551-DC89-4E91-B409-EC47AE10CC12}.Release|x64.ActiveCfg = Release|x64
		{71667551-DC89-4E91-B409-EC47AE10CC12}.Release|x64.Build.0 = Release|x64
		{71667551-DC89-4E91-B409-EC47AE10CC12}.Release|x86.ActiveCfg = Release|Win32
		{71667551-DC89-4E91-B409-EC47AE10CC12}.Release|x86.Build.0 = Release|Win32
		{EBE17D18-8676-4F53-9892-37E9B67A5C3D}.Debug|x64.ActiveCfg = Debug|x64
		{EBE17D18-8676-4F53-9892-37E9B67A5C3D}.Debug|x64.Build.0 = Debug|x64
		{EBE17D18-8676-4F53-9892-37E9B67A5C3D}.Debug|x86.ActiveCfg = Debug|Win32
		{EBE17D18-8676-4F53-9892-37E9B67A5C3D}.Debug|x86.Build.0 = Debug|Win32
		{EBE17D18-8676-4F53-9892-37E9B67A5C3D}.Release|x64.ActiveCfg = Release|x64
		{EBE17D18-8676-4F53-9892-37E9B67A5C3D}.Release|x64.Build.0 = Release|x64
		{EBE17D18-8676-4F53-9892-37E9B67A5C3D}.Release|x86.ActiveCfg = Release|Win32
		{EBE17D18-8676-4F53-9892-37E9B67A5C3D}.Release|x86.Build.0 = Release|Win32
		{236F7992-2F98-48D1-BC0A-F67F71579CBA}.Debug|x64.ActiveCfg = Debug|x64
		{236F7992-2F98-48D1-BC0A-F67F71579CBA}.Debug|x64.Build.0 = Debug|x64
		{236F7992-2F98-48D1-BC0A-F67F71579CBA}.Debug|x86.ActiveCfg = Debug|Win32
		{236F7992-2F98-48D1-BC0A-F67F71579CBA}.Debug|x86.Build.0 = Debug|Win32
		{236F7992-2F98-48D1-BC0A-F67F71579CBA}.Release|x64.ActiveCfg = Release|x64
		{236F7992-2F98-48D1-BC0A-F67F71579CBA}.Release|x64.Build.0 = Release|x64
		{236F7992-2F98-48D1-BC0A-F67F71579CBA}.Release|x86.ActiveCfg = Release|Win32
		{236F7992-2F98-48D1-BC0A-F67F71579CBA}.Release|x86.Build.0 = Release|Win32
		{843900B3-FA44-4916-BBB1-F9A32909DE8B}.Debug|x64.ActiveCfg = Debug|x64
		{843900B3-FA44-4916-BBB1-F9A32909DE8B}.Debug|x64.Build.0 = Debug|x64
		{843900B3-FA44-4916-BBB1-F9A32909DE8B}.Debug|x86.ActiveCfg = Debug|Win32
		{843900B3-FA44-4916-BBB1-F9A32909DE8B}.Debug|x86.Build.0 = Debug|Win32
		{843900B3-FA44-4916-BBB1-F9A32909DE8B}.Release|x64.ActiveCfg = Release|x64
		{843900B3-FA44-4916-BBB1-F9A32909DE8B}.Release|x64.Build.0 = Release|x64
		{843900B3-FA44-4916-BBB1-F9A32909DE8B}.Release|x86.ActiveCfg = Release|Win32
		{843900B3-FA44-4916-BBB1-F9A32909DE8B}.Release|x86.Build.0 = Release|Win32
		{317D9D96-C988-41FB-B0ED-583EABAA0203}.Debug|x64.ActiveCfg = Debug|x64
		{317D9D96-C988-41FB-B0ED-583EABAA0203}.Debug|x64.Build.0 = Debug|x64
		{317D9D96-C988-41FB-B0ED-583EABAA0203}.Debug|x86.ActiveCfg = Debug|Win32
		{317D9D96-C988-41FB-B0ED-583EABAA0203}.Debug|x86.Build.0 = Debug|Win32
		{317D9D96-C988-41FB-B0ED-583EABAA0203}.Release|x64.ActiveCfg = Release|x64
		{317D9D96-C988-41FB-B0ED-583EABAA0203}.Release|x64.Build.0 = Release|x64
		{317D9D96-C988-41FB-B0ED-583EABAA0203}.Release|x86.ActiveCfg = Release|Win32
		{317D9D96-C988-41FB-B0ED-583EABAA0203}.Release|x86.Build.0 = Release|Win32
		{FE6AA0BB-6F28-4A3E-8E4B-B653B6DD9DF5}.Debug|x64.ActiveCfg = Debug|x64
		{FE6AA0BB-6F28-4A3E-8E4B-B653B6DD9DF5}.Debug|x64.Build.0 = Debug|x64
		{FE6AA0BB-6F28-4A3E-8E4B-B653B6DD9DF5}.Debug|x86.ActiveCfg = Debug|Win32
		{FE6AA0BB-6F28-4A3E-8E4B-B653B6DD9DF5}.Debug|x86.Build.0 = Debug|Win32
		{FE6AA0BB-6F28-4A3E-8E4B-B653B6DD9DF5}.Release|x64.ActiveCfg = Release|x64
		{FE6AA0BB-6F28-4A3E-8E4B-B653B6DD9DF5}.Release|x64.Build.0 = Release|x64
		{FE6AA0BB-6F28-4A3E-8E4B-B653B6DD9DF5}.Release|x86.ActiveCfg = Release|Win32
		{FE6AA0BB-6F28-4A3E-8E4B-B653B6DD9DF5}.Release|x86.Build.0 = Release|Win32
		{530E0754-6FC1-4F38-96AB-EFB43B4D3ACA}.Debug|x64.ActiveCfg = Debug|x64
		{530E0754-6FC1-4F38-96AB-EFB43B4D3ACA}.Debug|x64.Build.0 = Debug|x64
		{530E0754-6FC1-4F38-96AB-EFB43B4D3ACA}.Debug|x86.ActiveCfg = Debug|Win32
		{530E0754-6FC1-4F38-96AB-EFB43B4D3ACA}.Debug|x86.Build.0 = Debug|Win32
		{530E0754-6FC1-4F38-96AB-EFB43B4D3ACA}.Release|x64.ActiveCfg = Release|x64
		{530E0754-6FC1-4F38-96AB-EFB43B4D3ACA}.Release|x64.Build.0 = Release|x64
		{530E0754-6FC1-4F38-96AB-EFB43B4D3ACA}.Release|x86.ActiveCfg = Release|Win32
		{530E0754-6FC1-4F38-96AB-EFB43B4D3ACA}.Release|x86.Build.0 = Release|Win32
		{AAA9D1DB-6C64-4B25-AA11-85F95BEF16FD}.Debug|x64.ActiveCfg = Debug|x64
		{AAA9D1DB-6C64-4B25-AA11-85F95BEF16FD}.Debug|x64.Build.0 = Debug|x64
		{AAA9D1DB-6C64-4B25-AA11-85F95BEF16FD}.Debug|x86.ActiveCfg = Debug|Win32
		{AAA9D1DB-6C64-4B25-AA11-85F95BEF16FD}.Debug|x86.Build.0 = Debug|Win32
		{AAA9D1DB-6C64-4B25-AA11-85F95BEF16FD}.Release|x64.ActiveCfg = Release|x64
		{AAA9D1DB-6C64-4B25-AA11-85F95BEF16FD}.Release|x64.Build.0 = Release|x64
		{AAA9D1DB-6C64-4B25-AA11-85F95BEF16FD}.Release|x86.ActiveCfg = Release|Win32
		{AAA9D1DB-6C64-4B25-AA11-85F95BEF16FD}.Release|x86.Build.0 = Release|Win32
		{AD60DAB5-D749-46C4-8FF8-7971F4291BD6}.Debug|x64.ActiveCfg = Debug|x64
		{AD60DAB5-D749-46C4-8FF8-7971F4291BD6}.Debug|x64.Build.0 = Debug|x64
		{AD60DAB5-D749-46C4-8FF8-7971F4291BD6}.Debug|x86.ActiveCfg = Debug|Win32
		{AD60DAB5-D749-46C4-8FF8-7971F4291BD6}.Debug|x86.Build.0 = Debug|Win32
		{AD60DAB5-D749-46C4-8FF8-7971F4291BD6}.Release|x64.ActiveCfg = Release|x64
		{AD60DAB5-D749-46C4-8FF8-7971F4291BD6}.Release|x64.Build.0 = Release|x64
		{AD60DAB5-D749-46C4-8FF8-7971F4291BD6}.Release|x86.ActiveCfg = Release|Win32
		{AD60DAB5-D749-46C4-8FF8-7971F4291BD6}.Release|x86.Build.0 = Release|Win32
		{E20CBBF9-EC6B-424C-A90E-167623AEB6A6}.Debug|x64.ActiveCfg = Debug|x64
		{E20CBBF9-EC6B-424C-A90E-167623AEB6A6}.Debug|x64.Build.0 = Debug|x64
		{E20CBBF9-EC6B-424C-A90E-167623AEB6A6}.Debug|x86.ActiveCfg = Debug|Win32
		{E20CBBF9-EC6B-424C-A90E-167623AEB6A6}.Debug|x86.Build.0 = Debug|Win32
		{E20CBBF9-EC6B-424C-A90E-167623AEB6A6}.Release|x64.ActiveCfg = Release|x64
		{E20CBBF9-EC6B-424C-A90E-167623AEB6A6}.Release|x64.Build.0 = Release|x64
		{E20CBBF9-EC6B-424C-A90E-167623AEB6A6}.Release|x86.ActiveCfg = Release|Win32
		{E20CBBF9-EC6B-424C-A90E-167623AEB6A6}.Release|x86.Build.0 = Release|Win32
		{BF18D01F-AD3E-4703-8A36-4B0BF988E831}.Debug|x64.ActiveCfg = Debug|x64
		{BF18D01F-AD3E-4703-8A36-4B0BF988E831}.Debug|x64.Build.0 = Debug|x64
		{BF18D01F-AD3E-4703-8A36-4B0BF988E831}.Debug|x86.ActiveCfg = Debug|Win32
		{BF18D01F-AD3E-4703-8A36-4B0BF988E831}.Debug|x86.Build.0 = Debug|Win32
		{BF18D01F-AD3E-4703-8A36-4B0BF988E831}.Release|x64.ActiveCfg = Release|x64
		{BF18D01F-AD3E-4703-8A36-4B0BF988E831}.Release|x64.Build.0 = Release|x64
		{BF18D01F-AD3E-4703-8A36-4B0BF988E831}.Release|x86.ActiveCfg = Release|Win32
		{BF18D01F-AD3E-4703-8A36-4B0BF988E831}.Release|x86.Build.0 = Release|Win32
		{9186CEB2-A77A-4D80-9093-06BD7EBDC3F9}.Debug|x64.ActiveCfg = Debug|x64
		{9186CEB2-A77A-4D80-9093-06BD7EBDC3F9}.Debug|x64.Build.0 = Debug|x64
		{9186CEB2-A77A-4D80-9093-06BD7EBDC3F9}.Debug|x86.ActiveCfg = Debug|Win32
		{9186CEB2-A77A-4D80-9093-06BD7EBDC3F9}.Debug|x86.Build.0 = Debug|Win32
		{9186CEB2-A77A-4D80-9093-06BD7EBDC3F9}.Release|x64.ActiveCfg = Release|x64
		{9186CEB2-A77A-4D80-9093-06BD7EBDC3F9}.Release|x64.Build.0 = Release|x64
		{9186CEB2-A77A-4D80-9093-06BD7EBDC3F9}.Release|x86.ActiveCfg = Release|Win32
		{9186CEB2-A77A-4D80-9093-06BD7EBDC3F9}.Release|x86.Build.0 = Release|Win32
		{B280A49B-AB5A-4FA6-8CEC-55D17CED8043}.Debug|x64.ActiveCfg = Debug|x64
		{B280A49B-AB5A-4FA6-8CEC-55D17CED8043}.Debug|x64.Build.0 = Debug|x64
		{B280A49B-AB5A-4FA6-8CEC-55D17CED8043}.Debug|x86.ActiveCfg = Debug|Win32
		{B280A49B-AB5A-4FA6-8CEC-55D17CED8043}.Debug|x86.Build.0 = Debug|Win32
		{B280A49B-AB5A-4FA6-8CEC-55D17CED8043}.Release|x64.ActiveCfg = Release|x64
		{B280A49B-AB5A-4FA6-8CEC-55D17CED8043}.Release|x64.Build.0 = Release|x64
		{B280A49B-AB5A-4FA6-8CEC-55D17CED8043}.Release|x86.ActiveCfg = Release|Win32
		{B280A49B-AB5A-4FA6-8CEC-55D17CED8043}.Release|x86.Build.0 = Release|Win32
		{1A8F0922-F58B-4C0A-8C98-47930490F232}.Debug|x64.ActiveCfg = Debug|x64
		{1A8F0922-F58B-4C0A-8C98-47930490F232}.Debug|x64.Build.0 = Debug|x64
		{1A8F0922-F58B-4C0A-8C98-47930490F232}.Debug|x86.ActiveCfg = Debug|Win32
		{1A8F0922-F58B-4C0A-8C98-47930490F232}.Debug|x86.Build.0 = Debug|Win32
		{1A8F0922-F58B-4C0A-8C98-47930490F232}.Release|x64.ActiveCfg = Release|x64
		{1A8F0922-F58B-4C0A-8C98-47930490F232}.Release|x64.Build.0 = Release|x64
		{1A8F0922-F58B-4C0A-8C98-47930490F232}.Release|x86.ActiveCfg = Release|Win32
		{1A8F0922-F58B-4C0A-8C98-47930490F232}.Release|x86.Build.0 = Release|Win32
		{C92EB0DF-DADE-4044-969F-0043E072CF53}.Debug|x64.ActiveCfg = Debug|x64
		{C92EB0DF-DADE-4044-969F-0043E072CF53}.Debug|x64.Build.0 = Debug|x64
		{C92EB0DF-DADE-4044-969F-0043E072CF53}.Debug|x86.ActiveCfg = Debug|Win32
		{C92EB0DF-DADE-4044-969F-0043E072CF53}.Debug|x86.Build.0 = Debug|Win32
		{C92EB0DF-DADE-4044-969F-0043E072CF53}.Release|x64.ActiveCfg = Release|x64
		{C92EB0DF-DADE-4044-969F-0043E072CF53}.Release|x64.Build.0 = Release|x64
		{C92EB0DF-DADE-4044-969F-0043E072CF53}.Release|x86.ActiveCfg = Release|Win32
		{C92EB0DF-DADE-4044-969F-0043E072CF53}.Release|x86.Build.0 = Release|Win32
		{F4C19AD5-E4B2-4357-B2AC-5F72F73DE73E}.Debug|x64.ActiveCfg = Debug|x64
		{F4C19AD5-E4B2-4357-B2AC-5F72F73DE73E}.Debug|x64.Build.0 = Debug|x64
		{F4C19AD5-E4B2-4357-B2AC-5F72F73DE73E}.Debug|x86.ActiveCfg = Debug|Win32
		{F4C19AD5-E4B2-4357-B2AC-5F72F73DE73E}.Debug|x86.Build.0 = Debug|Win32
		{F4C19AD5-E4B2-4357-B2AC-5F72F73DE73E}.Release|x64.ActiveCfg = Release|x64
		{F4C19AD5-E4B2-4357-B2AC-5F72F73DE73E}.Release|x64.Build.0 = Release|x64
		{F4C19AD5-E4B2-4357-B2AC-5F72F73DE73E}.Release|x86.ActiveCfg = Release|Win32
		{F4C19AD5-E4B2-4357-B2AC-5F72F73DE73E}.Release|x86.Build.0 = Release|Win32
		{76B3C8E7-53C7-453E-912E-DAC9C65EFC38}.Debug|x64.ActiveCfg = Debug|x64
		{76B3C8E7-53C7-453E-912E-DAC9C65EFC38}.Debug|x64.Build.0 = Debug|x64
		{76B3C8E7-53C7-453E-912E-DAC9C65EFC38}.Debug|x86.ActiveCfg = Debug|Win32
		{76B3C8E7-53C7-453E-912E-DAC9C65EFC38}.Debug|x86.Build.0 = Debug|Win32
		{76B3C8E7-53C7-453E-912E-DAC9C65EFC38}.Release|x64.ActiveCfg = Release|x64
		{76B3C8E7-53C7-453E-912E-DAC9C65EFC38}.Release|x64.Build.0 = Release|x64
		{76B3C8E7-53C7-453E-912E-DAC9C65EFC38}.Release|x86.ActiveCfg = Release|Win32
		{76B3C8E7-53C7-453E-912E-DAC9C65EFC38}.Release|x86.Build.0 = Release|Win32
		{EB31BB3D-AA6A-4CC1-993F-231747C38663}.Debug|x64.ActiveCfg = Debug|x64
		{EB31BB3D-AA6A-4CC1-993F-231747C38663}.Debug|x64.Build.0 = Debug|x64
		{EB31BB3D-AA6A-4CC1-993F-231747C38663}.Debug|x86.ActiveCfg = Debug|Win32
		{EB31BB3D-AA6A-4CC1-993F-231747C38663}.Debug|x86.Build.0 = Debug|Win32
		{EB31BB3D-AA6A-4CC1-993F-231747C38663}.Release|x64.ActiveCfg = Release|x64
		{EB31BB3D-AA6A-4CC1-993F-231747C38663}.Release|x64.Build.0 = Release|x64
		{EB31BB3D-AA6A-4CC1-993F-231747C38663}.Release|x86.ActiveCfg = Release|Win32
		{EB31BB3D-AA6A-4CC1-993F-231747C38663}.Release|x86.Build.0 = Release|Win32
		{8093422E-01E0-46BE-B0CD-570839E52A02}.Debug|x64.ActiveCfg = Debug|x64
		{8093422E-01E0-46BE-B0CD-570839E52A02}.Debug|x64.Build.0 = Debug|x64
		{8093422E-01E0-46BE-B0CD-570839E52A02}.Debug|x86.ActiveCfg = Debug|Win32
		{8093422E-01E0-46BE-B0CD-570839E52A02}.Debug|x86.Build.0 = Debug|Win32
		{8093422E-01E0-46BE-B0CD-570839E52A02}.Release|x64.ActiveCfg = Release|x64
		{8093422E-01E0-46BE-B0CD-570839E52A02}.Release|x64.Build.0 = Release|x64
		{8093422E-01E0-46BE-B0CD-570839E52A02}.Release|x86.ActiveCfg = Release|Win32
		{8093422E-01E0-46BE-B0CD-570839E52A02}.Release|x86.Build.0 = Release|Win32
		{E0294001-133D-4C41-A09B-CC610860455E}.Debug|x64.ActiveCfg = Debug|x64
		{E0294001-133D-4C41-A09B-CC610860455E}.Debug|x64.Build.0 = Debug|x64
		{E0294001-133D-4C41-A09B-CC610860455E}.Debug|x86.ActiveCfg = Debug|Win32
		{E0294001-133D-4C41-A09B-CC610860455E}.Debug|x86.Build.0 = Debug|Win32
		{E0294001-133D-4C41-A09B-CC610860455E}.Release|x64.ActiveCfg = Release|x64
		{E0294001-133D-4C41-A09B-CC610860455E}.Release|x64.Build.0 = Release|x64
		{E0294001-133D-4C41-A09B-CC610860455E}.Release|x86.ActiveCfg = Release|Win32
		{E0294001-133D-4C41-A09B-CC610860455E}.Release|x86.Build.0 = Release|Win32
		{D10D3A35-5537-415A-854B-14497C1AB0E8}.Debug|x64.ActiveCfg = Debug|x64
		{D10D3A35-5537-415A-854B-14497C1AB0E8}.Debug|x64.Build.0 = Debug|x64
		{D10D3A35-5537-415A-854B-14497C1AB0E8}.Debug|x86.ActiveCfg = Debug|Win32
		{D10D3A35-5537-415A-854B-14497C1AB0E8}.Debug|x86.Build.0 = Debug|Win32
		{D10D3A35-5537-415A-854B-14497C1AB0E8}.Release|x64.ActiveCfg = Release|x64
		{D10D3A35-5537-415A-854B-14497C1AB0E8}.Release|x64.Build.0 = Release|x64
		{D10D3A35-5537-415A-854B-14497C1AB0E8}.Release|x86.ActiveCfg = Release|Win32
		{D10D3A35-5537-415A-854B-14497C1AB0E8}.Release|x86.Build.0 = Release|Win32
		{10AB163D-42C1-49F1-876E-277A46D2006D}.Debug|x64.ActiveCfg = Debug|x64
		{10AB163D-42C1-49F1-876E-277A46D2006D}.Debug|x64.Build.0 = Debug|x64
		{10AB163D-42C1-49F1-876E-277A46D2006D}.Debug|x86.ActiveCfg = Debug|Win32
		{10AB163D-42C1-49F1-876E-277A46D2006D}.Debug|x86.Build.0 = Debug|Win32
		{10AB163D-42C1-49F1-876E-277A46D2006D}.Release|x64.ActiveCfg = Release|x64
		{10AB163D-42C1-49F1-876E-277A46D2006D}.Release|x64.Build.0 = Release|x64
		{10AB163D-42C1-49F1-876E-277A46D2006D}.Release|x86.ActiveCfg = Release|Win32
		{10AB163D-42C1-49F1-876E-277A46D2006D}.Release|x86.Build.0 = Release|Win32
		{F47D3A4F-4B15-4099-8CBE-3CEC5BE90788}.Debug|x64.ActiveCfg = Debug|x64
		{F47D3A4F-4B15-4099-8CBE-3CEC5BE90788}.Debug|x64.Build.0 = Debug|x64
		{F47D3A4F-4B15-4099-8CBE-3CEC5BE90788}.Debug|x86.ActiveCfg = Debug|Win32
		{F47D3A4F-4B15-4099-8CBE-3CEC5BE90788}.Debug|x86.Build.0 = Debug|Win32
		{F47D3A4F-4B15-4099-8CBE-3CEC5BE90788}.Release|x64.ActiveCfg = Release|x64
		{F47D3A4F-4B15-4099-8CBE-3CEC5BE90788}.Release|x64.Build.0 = Release|x64
		{F47D3A4F-4B15-4099-8CBE-3CEC5BE90788}.Release|x86.ActiveCfg = Release|Win32
		{F47D3A4F-4B15-4099-8CBE-3CEC5BE90788}.Release|x86.Build.0 = Release|Win32
		{698850BA-5742-4A95-989C-5E8A2BF435BE}.Debug|x64.ActiveCfg = Debug|x64
		{698850BA-5742-4A95-989C-5E8A2BF435BE}.Debug|x64.Build.0 = Debug|x64
		{698850BA-5742-4A95-989C-5E8A2BF435BE}.Debug|x86.ActiveCfg = Debug|Win32
		{698850BA-5742-4A95-989C-5E8A2BF435BE}.Debug|x86.Build.0 = Debug|Win32
		{698850BA-5742-4A95-989C-5E8A2BF435BE}.Release|x64.ActiveCfg = Release|x64
		{698850BA-5742-4A95-989C-5E8A2BF435BE}.Release|x64.Build.0 = Release|x64
		{698850BA-5742-4A95-989C-5E8A2BF435BE}.Release|x86.ActiveCfg = Release|Win32
		{698850BA-5742-4A95-989C-5E8A2BF435BE}.Release|x86.Build.0 = Release|Win32
	EndGlobalSection
	GlobalSection(SolutionProperties) = preSolution
		HideSolutionNode = FALSE
	EndGlobalSection
	GlobalSection(NestedProjects) = preSolution
		{DD45F6E3-EC36-49AA-9B0F-B1659133FC62} = {A6C16D90-2A9E-4EE4-BB89-585206E96DD3}
		{690CF316-0A01-4EB4-B047-0AE84CFF64DB} = {7A0D8E95-154E-4B14-A085-C594A900EC2E}
		{07015FB1-63A9-47EA-B771-B60AE4BD1D7C} = {99E34456-C65A-4DC5-8CB0-C9CCBC7BAA2D}
		{A96E9177-1C8B-4486-8B0F-403ACAA80C8D} = {99E34456-C65A-4DC5-8CB0-C9CCBC7BAA2D}
		{254CADB3-0BB1-4D53-9290-49D0C46B9927} = {99E34456-C65A-4DC5-8CB0-C9CCBC7BAA2D}
		{FA971D9E-A4C8-4E11-A2CC-B8549310F9AC} = {CE9F37FE-C7B6-48B3-8323-4A3E8B2E5342}
		{189421C5-1356-46AA-8BC8-C56020039C5E} = {CE9F37FE-C7B6-48B3-8323-4A3E8B2E5342}
		{E95BD034-5419-4A9F-9017-2070B4F24A08} = {CE9F37FE-C7B6-48B3-8323-4A3E8B2E5342}
		{71667551-DC89-4E91-B409-EC47AE10CC12} = {812C5E55-569E-4EB6-8BE1-E4FA6ED594BD}
		{EBE17D18-8676-4F53-9892-37E9B67A5C3D} = {812C5E55-569E-4EB6-8BE1-E4FA6ED594BD}
		{236F7992-2F98-48D1-BC0A-F67F71579CBA} = {812C5E55-569E-4EB6-8BE1-E4FA6ED594BD}
		{843900B3-FA44-4916-BBB1-F9A32909DE8B} = {812C5E55-569E-4EB6-8BE1-E4FA6ED594BD}
		{317D9D96-C988-41FB-B0ED-583EABAA0203} = {812C5E55-569E-4EB6-8BE1-E4FA6ED594BD}
		{FE6AA0BB-6F28-4A3E-8E4B-B653B6DD9DF5} = {812C5E55-569E-4EB6-8BE1-E4FA6ED594BD}
		{530E0754-6FC1-4F38-96AB-EFB43B4D3ACA} = {812C5E55-569E-4EB6-8BE1-E4FA6ED594BD}
		{AAA9D1DB-6C64-4B25-AA11-85F95BEF16FD} = {812C5E55-569E-4EB6-8BE1-E4FA6ED594BD}
		{AD60DAB5-D749-46C4-8FF8-7971F4291BD6} = {99E34456-C65A-4DC5-8CB0-C9CCBC7BAA2D}
		{E20CBBF9-EC6B-424C-A90E-167623AEB6A6} = {99E34456-C65A-4DC5-8CB0-C9CCBC7BAA2D}
		{BF18D01F-AD3E-4703-8A36-4B0BF988E831} = {74D52C20-8CA6-4920-A7BD-B3F30377F38A}
		{9186CEB2-A77A-4D80-9093-06BD7EBDC3F9} = {74D52C20-8CA6-4920-A7BD-B3F30377F38A}
		{B280A49B-AB5A-4FA6-8CEC-55D17CED8043} = {74D52C20-8CA6-4920-A7BD-B3F30377F38A}
		{1A8F0922-F58B-4C0A-8C98-47930490F232} = {74D52C20-8CA6-4920-A7BD-B3F30377F38A}
		{C92EB0DF-DADE-4044-969F-0043E072CF53} = {74D52C20-8CA6-4920-A7BD-B3F30377F38A}
		{F4C19AD5-E4B2-4357-B2AC-5F72F73DE73E} = {74D52C20-8CA6-4920-A7BD-B3F30377F38A}
		{76B3C8E7-53C7-453E-912E-DAC9C65EFC38} = {74D52C20-8CA6-4920-A7BD-B3F30377F38A}
		{EB31BB3D-AA6A-4CC1-993F-231747C38663} = {BE855914-1146-48E3-B052-26D8E4717252}
		{8093422E-01E0-46BE-B0CD-570839E52A02} = {BE855914-1146-48E3-B052-26D8E4717252}
		{E0294001-133D-4C41-A09B-CC610860455E} = {BE855914-1146-48E3-B052-26D8E4717252}
		{D10D3A35-5537-415A-854B-14497C1AB0E8} = {BE855914-1146-48E3-B052-26D8E4717252}
		{10AB163D-42C1-49F1-876E-277A46D2006D} = {BE855914-1146-48E3-B052-26D8E4717252}
		{F47D3A4F-4B15-4099-8CBE-3CEC5BE90788} = {BE855914-1146-48E3-B052-26D8E4717252}
		{698850BA-5742-4A95-989C-5E8A2BF435BE} = {BE855914-1146-48E3-B052-26D8E4717252}
	EndGlobalSection
	GlobalSection(ExtensibilityGlobals) = postSolution
		SolutionGuid = {29CBEFC2-5C4D-4082-AF42-EE6E0BAD54E1}
	EndGlobalSection
EndGlobal
